
Microsoft Visual Studio Solution File, Format Version 12.00
# Visual Studio Version 17
VisualStudioVersion = 17.9.34728.123
MinimumVisualStudioVersion = 10.0.40219.1
Project("{FAE04EC0-301F-11D3-BF4B-00C04F79EFBC}") = "MinimalApi", "MinimalApi\MinimalApi.csproj", "{03267EFE-AB4B-4C08-A8BD-52CCFF93E6B3}"
EndProject
Project("{FAE04EC0-301F-11D3-BF4B-00C04F79EFBC}") = "MinimalApi.Domain", "MinimalApi.Domain\MinimalApi.Domain.csproj", "{407344A4-A918-4BC4-A5ED-FBA84C004595}"
EndProject
Global
	GlobalSection(SolutionConfigurationPlatforms) = preSolution
		Debug|Any CPU = Debug|Any CPU
		Release|Any CPU = Release|Any CPU
	EndGlobalSection
	GlobalSection(ProjectConfigurationPlatforms) = postSolution
		{03267EFE-AB4B-4C08-A8BD-52CCFF93E6B3}.Debug|Any CPU.ActiveCfg = Debug|Any CPU
		{03267EFE-AB4B-4C08-A8BD-52CCFF93E6B3}.Debug|Any CPU.Build.0 = Debug|Any CPU
		{03267EFE-AB4B-4C08-A8BD-52CCFF93E6B3}.Release|Any CPU.ActiveCfg = Release|Any CPU
		{03267EFE-AB4B-4C08-A8BD-52CCFF93E6B3}.Release|Any CPU.Build.0 = Release|Any CPU
		{407344A4-A918-4BC4-A5ED-FBA84C004595}.Debug|Any CPU.ActiveCfg = Debug|Any CPU
		{407344A4-A918-4BC4-A5ED-FBA84C004595}.Debug|Any CPU.Build.0 = Debug|Any CPU
		{407344A4-A918-4BC4-A5ED-FBA84C004595}.Release|Any CPU.ActiveCfg = Release|Any CPU
		{407344A4-A918-4BC4-A5ED-FBA84C004595}.Release|Any CPU.Build.0 = Release|Any CPU
	EndGlobalSection
	GlobalSection(SolutionProperties) = preSolution
		HideSolutionNode = FALSE
	EndGlobalSection
	GlobalSection(ExtensibilityGlobals) = postSolution
		SolutionGuid = {CD4DCF94-90CC-4B3C-A639-44B3DECA60C0}
	EndGlobalSection
EndGlobal
